# THIS IS AN AUTOGENERATED FILE. DO NOT EDIT THIS FILE DIRECTLY.
# yarn lockfile v1


dts2hx@^0.13.0:
  version "0.13.0"
  resolved "https://registry.yarnpkg.com/dts2hx/-/dts2hx-0.13.0.tgz#e5e2f9236a6b14365f6c3ddade479f3db0a391a7"
  dependencies:
    typescript "3.7.4"

typescript@3.7.4:
  version "3.7.4"
  resolved "https://registry.yarnpkg.com/typescript/-/typescript-3.7.4.tgz#1743a5ec5fef6a1fa9f3e4708e33c81c73876c19"
